%{
  "bunt": {:hex, :bunt, "0.1.6", "5d95a6882f73f3b9969fdfd1953798046664e6f77ec4e486e6fafc7caad97c6f", [:mix], [], "hexpm", "4fb7b2f7b04af13cf210b132f8d10db52d4a57d36cb974e8025d7fdb12ca97fc"},
  "credo": {:hex, :credo, "0.5.3", "0c405b36e7651245a8ed63c09e2d52c2e2b89b6d02b1570c4d611e0fcbecf4a2", [:mix], [{:bunt, "~> 0.1.6", [hex: :bunt, repo: "hexpm", optional: false]}], "hexpm", "90bca5180fe64c47343969ad3e32bf1edc18d929689e8c00c810655a7a391427"},
  "deferred_config": {:hex, :deferred_config, "0.1.1", "ec912e9ee3c99b90a8d4bdec8fbd15309f4bd6729f30789e0ff6f595d06bbce5", [:mix], [], "hexpm", "2eb5311037feb4a6a5dbe3ecc5c98af7ea849730e5dbd9aee0f45c5dbccc3922"},
  "earmark": {:hex, :earmark, "1.0.2", "a0b0904d74ecc14da8bd2e6e0248e1a409a2bc91aade75fcf428125603de3853", [:mix], [], "hexpm", "e2d24ab54061603b8dd65bc3d361897ded61f33a4b57044564320a3ac00e8e72"},
  "ex_doc": {:hex, :ex_doc, "0.14.3", "e61cec6cf9731d7d23d254266ab06ac1decbb7651c3d1568402ec535d387b6f7", [:mix], [{:earmark, "~> 1.0", [hex: :earmark, repo: "hexpm", optional: false]}], "hexpm", "6bf36498c4c67fdbe6d4ad73a112098cbcc09b147b859219b023fc2636729bf6"},
}
